
Microsoft Visual Studio Solution File, Format Version 12.00
# Visual Studio Version 17
VisualStudioVersion = 17.5.33516.290
MinimumVisualStudioVersion = 10.0.40219.1
Project("{FAE04EC0-301F-11D3-BF4B-00C04F79EFBC}") = "PipelineTestAPI", "PipelineTestAPI\PipelineTestAPI.csproj", "{D991B766-A9F5-46FB-809D-875F22A2C096}"
EndProject
Global
	GlobalSection(SolutionConfigurationPlatforms) = preSolution
		Debug|Any CPU = Debug|Any CPU
		Release|Any CPU = Release|Any CPU
	EndGlobalSection
	GlobalSection(ProjectConfigurationPlatforms) = postSolution
		{D991B766-A9F5-46FB-809D-875F22A2C096}.Debug|Any CPU.ActiveCfg = Debug|Any CPU
		{D991B766-A9F5-46FB-809D-875F22A2C096}.Debug|Any CPU.Build.0 = Debug|Any CPU
		{D991B766-A9F5-46FB-809D-875F22A2C096}.Release|Any CPU.ActiveCfg = Release|Any CPU
		{D991B766-A9F5-46FB-809D-875F22A2C096}.Release|Any CPU.Build.0 = Release|Any CPU
	EndGlobalSection
	GlobalSection(SolutionProperties) = preSolution
		HideSolutionNode = FALSE
	EndGlobalSection
	GlobalSection(ExtensibilityGlobals) = postSolution
		SolutionGuid = {FBFE850F-4988-4FB6-8975-41C81205C4B0}
	EndGlobalSection
EndGlobal
